// !$*UTF8*$!
{
	archiveVersion = 1;
	classes = {
	};
	objectVersion = 55;
	objects = {

/* Begin PBXBuildFile section */
		4D1312B55226501E71038490 /* Pods_FirestoreDatabase.framework in Frameworks */ = {isa = PBXBuildFile; fileRef = E7423A26276323C4B60DBB35 /* Pods_FirestoreDatabase.framework */; };
		8422574127D5DE0D00B8D5AA /* FirebaseStorageViewController.swift in Sources */ = {isa = PBXBuildFile; fileRef = 84814E7327D1F74C0009C4ED /* FirebaseStorageViewController.swift */; };
		8422574527D5DED300B8D5AA /* ProfileTableViewCell.swift in Sources */ = {isa = PBXBuildFile; fileRef = 8422574227D5DED300B8D5AA /* ProfileTableViewCell.swift */; };
		8422574627D5DED300B8D5AA /* DataPresentTableViewCell.swift in Sources */ = {isa = PBXBuildFile; fileRef = 8422574327D5DED300B8D5AA /* DataPresentTableViewCell.swift */; };
		8422574727D5DED300B8D5AA /* DisplayTableViewCell.swift in Sources */ = {isa = PBXBuildFile; fileRef = 8422574427D5DED300B8D5AA /* DisplayTableViewCell.swift */; };
		8422574B27D5E35600B8D5AA /* CollectionViewCell.swift in Sources */ = {isa = PBXBuildFile; fileRef = 8422574927D5E35600B8D5AA /* CollectionViewCell.swift */; };
		8422574C27D5E35600B8D5AA /* CollectionViewCell.xib in Resources */ = {isa = PBXBuildFile; fileRef = 8422574A27D5E35600B8D5AA /* CollectionViewCell.xib */; };
		84814E7627D21DBC0009C4ED /* StorageCollectionViewCell.swift in Sources */ = {isa = PBXBuildFile; fileRef = 84814E7527D21DBC0009C4ED /* StorageCollectionViewCell.swift */; };
		8485CEDE27D0B233002964DC /* ProfileTableViewCell.xib in Resources */ = {isa = PBXBuildFile; fileRef = 8485CEDC27D0B233002964DC /* ProfileTableViewCell.xib */; };
		8485CEE227D0B258002964DC /* DataPresentTableViewCell.xib in Resources */ = {isa = PBXBuildFile; fileRef = 8485CEE027D0B258002964DC /* DataPresentTableViewCell.xib */; };
		8485CEE427D0B6C7002964DC /* XibTableViewController.swift in Sources */ = {isa = PBXBuildFile; fileRef = 8485CEE327D0B6C7002964DC /* XibTableViewController.swift */; };
		849C138D27CF40620082C478 /* AppDelegate.swift in Sources */ = {isa = PBXBuildFile; fileRef = 849C138C27CF40620082C478 /* AppDelegate.swift */; };
		849C138F27CF40620082C478 /* SceneDelegate.swift in Sources */ = {isa = PBXBuildFile; fileRef = 849C138E27CF40620082C478 /* SceneDelegate.swift */; };
		849C139127CF40620082C478 /* ViewController.swift in Sources */ = {isa = PBXBuildFile; fileRef = 849C139027CF40620082C478 /* ViewController.swift */; };
		849C139427CF40620082C478 /* Main.storyboard in Resources */ = {isa = PBXBuildFile; fileRef = 849C139227CF40620082C478 /* Main.storyboard */; };
		849C139627CF40640082C478 /* Assets.xcassets in Resources */ = {isa = PBXBuildFile; fileRef = 849C139527CF40640082C478 /* Assets.xcassets */; };
		849C139927CF40640082C478 /* LaunchScreen.storyboard in Resources */ = {isa = PBXBuildFile; fileRef = 849C139727CF40640082C478 /* LaunchScreen.storyboard */; };
		849C13A127CF4B5F0082C478 /* File.swift in Sources */ = {isa = PBXBuildFile; fileRef = 849C13A027CF4B5F0082C478 /* File.swift */; };
		849C13A727CF62460082C478 /* UserViewModel.swift in Sources */ = {isa = PBXBuildFile; fileRef = 849C13A627CF62460082C478 /* UserViewModel.swift */; };
		849C13AA27CF705F0082C478 /* GoogleService-Info.plist in Resources */ = {isa = PBXBuildFile; fileRef = 849C13A927CF705F0082C478 /* GoogleService-Info.plist */; };
/* End PBXBuildFile section */

/* Begin PBXFileReference section */
		35DE6A2318386D58E24E3E50 /* Pods-FirestoreDatabase.release.xcconfig */ = {isa = PBXFileReference; includeInIndex = 1; lastKnownFileType = text.xcconfig; name = "Pods-FirestoreDatabase.release.xcconfig"; path = "Target Support Files/Pods-FirestoreDatabase/Pods-FirestoreDatabase.release.xcconfig"; sourceTree = "<group>"; };
		6B8B08510D86F34A3A702F8C /* Pods-FirestoreDatabase.debug.xcconfig */ = {isa = PBXFileReference; includeInIndex = 1; lastKnownFileType = text.xcconfig; name = "Pods-FirestoreDatabase.debug.xcconfig"; path = "Target Support Files/Pods-FirestoreDatabase/Pods-FirestoreDatabase.debug.xcconfig"; sourceTree = "<group>"; };
		8422574227D5DED300B8D5AA /* ProfileTableViewCell.swift */ = {isa = PBXFileReference; fileEncoding = 4; lastKnownFileType = sourcecode.swift; path = ProfileTableViewCell.swift; sourceTree = "<group>"; };
		8422574327D5DED300B8D5AA /* DataPresentTableViewCell.swift */ = {isa = PBXFileReference; fileEncoding = 4; lastKnownFileType = sourcecode.swift; path = DataPresentTableViewCell.swift; sourceTree = "<group>"; };
		8422574427D5DED300B8D5AA /* DisplayTableViewCell.swift */ = {isa = PBXFileReference; fileEncoding = 4; lastKnownFileType = sourcecode.swift; path = DisplayTableViewCell.swift; sourceTree = "<group>"; };
		8422574927D5E35600B8D5AA /* CollectionViewCell.swift */ = {isa = PBXFileReference; lastKnownFileType = sourcecode.swift; path = CollectionViewCell.swift; sourceTree = "<group>"; };
		8422574A27D5E35600B8D5AA /* CollectionViewCell.xib */ = {isa = PBXFileReference; lastKnownFileType = file.xib; path = CollectionViewCell.xib; sourceTree = "<group>"; };
		8422574D27D619B800B8D5AA /* FirestoreDatabase.entitlements */ = {isa = PBXFileReference; lastKnownFileType = text.plist.entitlements; path = FirestoreDatabase.entitlements; sourceTree = "<group>"; };
		84814E7327D1F74C0009C4ED /* FirebaseStorageViewController.swift */ = {isa = PBXFileReference; lastKnownFileType = sourcecode.swift; path = FirebaseStorageViewController.swift; sourceTree = "<group>"; };
		84814E7527D21DBC0009C4ED /* StorageCollectionViewCell.swift */ = {isa = PBXFileReference; lastKnownFileType = sourcecode.swift; path = StorageCollectionViewCell.swift; sourceTree = "<group>"; };
		8485CEDC27D0B233002964DC /* ProfileTableViewCell.xib */ = {isa = PBXFileReference; lastKnownFileType = file.xib; path = ProfileTableViewCell.xib; sourceTree = "<group>"; };
		8485CEE027D0B258002964DC /* DataPresentTableViewCell.xib */ = {isa = PBXFileReference; lastKnownFileType = file.xib; path = DataPresentTableViewCell.xib; sourceTree = "<group>"; };
		8485CEE327D0B6C7002964DC /* XibTableViewController.swift */ = {isa = PBXFileReference; lastKnownFileType = sourcecode.swift; path = XibTableViewController.swift; sourceTree = "<group>"; };
		849C138927CF40620082C478 /* FirestoreDatabase.app */ = {isa = PBXFileReference; explicitFileType = wrapper.application; includeInIndex = 0; path = FirestoreDatabase.app; sourceTree = BUILT_PRODUCTS_DIR; };
		849C138C27CF40620082C478 /* AppDelegate.swift */ = {isa = PBXFileReference; lastKnownFileType = sourcecode.swift; path = AppDelegate.swift; sourceTree = "<group>"; };
		849C138E27CF40620082C478 /* SceneDelegate.swift */ = {isa = PBXFileReference; lastKnownFileType = sourcecode.swift; path = SceneDelegate.swift; sourceTree = "<group>"; };
		849C139027CF40620082C478 /* ViewController.swift */ = {isa = PBXFileReference; lastKnownFileType = sourcecode.swift; path = ViewController.swift; sourceTree = "<group>"; };
		849C139327CF40620082C478 /* Base */ = {isa = PBXFileReference; lastKnownFileType = file.storyboard; name = Base; path = Base.lproj/Main.storyboard; sourceTree = "<group>"; };
		849C139527CF40640082C478 /* Assets.xcassets */ = {isa = PBXFileReference; lastKnownFileType = folder.assetcatalog; path = Assets.xcassets; sourceTree = "<group>"; };
		849C139827CF40640082C478 /* Base */ = {isa = PBXFileReference; lastKnownFileType = file.storyboard; name = Base; path = Base.lproj/LaunchScreen.storyboard; sourceTree = "<group>"; };
		849C139A27CF40640082C478 /* Info.plist */ = {isa = PBXFileReference; lastKnownFileType = text.plist.xml; path = Info.plist; sourceTree = "<group>"; };
		849C13A027CF4B5F0082C478 /* File.swift */ = {isa = PBXFileReference; lastKnownFileType = sourcecode.swift; path = File.swift; sourceTree = "<group>"; };
		849C13A627CF62460082C478 /* UserViewModel.swift */ = {isa = PBXFileReference; lastKnownFileType = sourcecode.swift; path = UserViewModel.swift; sourceTree = "<group>"; };
		849C13A927CF705F0082C478 /* GoogleService-Info.plist */ = {isa = PBXFileReference; fileEncoding = 4; lastKnownFileType = text.plist.xml; path = "GoogleService-Info.plist"; sourceTree = "<group>"; };
		E7423A26276323C4B60DBB35 /* Pods_FirestoreDatabase.framework */ = {isa = PBXFileReference; explicitFileType = wrapper.framework; includeInIndex = 0; path = Pods_FirestoreDatabase.framework; sourceTree = BUILT_PRODUCTS_DIR; };
/* End PBXFileReference section */

/* Begin PBXFrameworksBuildPhase section */
		849C138627CF40620082C478 /* Frameworks */ = {
			isa = PBXFrameworksBuildPhase;
			buildActionMask = 2147483647;
			files = (
				4D1312B55226501E71038490 /* Pods_FirestoreDatabase.framework in Frameworks */,
			);
			runOnlyForDeploymentPostprocessing = 0;
		};
/* End PBXFrameworksBuildPhase section */

/* Begin PBXGroup section */
		8422574827D5DF0300B8D5AA /* Cell */ = {
			isa = PBXGroup;
			children = (
				84814E7527D21DBC0009C4ED /* StorageCollectionViewCell.swift */,
				8422574327D5DED300B8D5AA /* DataPresentTableViewCell.swift */,
				8422574427D5DED300B8D5AA /* DisplayTableViewCell.swift */,
				8422574227D5DED300B8D5AA /* ProfileTableViewCell.swift */,
				8422574927D5E35600B8D5AA /* CollectionViewCell.swift */,
			);
			path = Cell;
			sourceTree = "<group>";
		};
		84814E7727D2273D0009C4ED /* CollectionCells */ = {
			isa = PBXGroup;
			children = (
				8422574A27D5E35600B8D5AA /* CollectionViewCell.xib */,
			);
			path = CollectionCells;
			sourceTree = "<group>";
		};
		84814E7827D2276B0009C4ED /* ViewControllerCell */ = {
			isa = PBXGroup;
			children = (
				8485CEDC27D0B233002964DC /* ProfileTableViewCell.xib */,
				8485CEE027D0B258002964DC /* DataPresentTableViewCell.xib */,
			);
			path = ViewControllerCell;
			sourceTree = "<group>";
		};
		8485CEE527D0C951002964DC /* DataCells */ = {
			isa = PBXGroup;
			children = (
				84814E7827D2276B0009C4ED /* ViewControllerCell */,
				84814E7727D2273D0009C4ED /* CollectionCells */,
			);
			path = DataCells;
			sourceTree = "<group>";
		};
		849C138027CF40620082C478 = {
			isa = PBXGroup;
			children = (
				849C138B27CF40620082C478 /* FirestoreDatabase */,
				849C138A27CF40620082C478 /* Products */,
				E1B032A2FADFC9DF4DCC656B /* Pods */,
				D2EFA73B3F9765F984C81804 /* Frameworks */,
			);
			sourceTree = "<group>";
		};
		849C138A27CF40620082C478 /* Products */ = {
			isa = PBXGroup;
			children = (
				849C138927CF40620082C478 /* FirestoreDatabase.app */,
			);
			name = Products;
			sourceTree = "<group>";
		};
		849C138B27CF40620082C478 /* FirestoreDatabase */ = {
			isa = PBXGroup;
			children = (
				8422574D27D619B800B8D5AA /* FirestoreDatabase.entitlements */,
				849C13A227CF4F140082C478 /* Model */,
				849C13A527CF4F5D0082C478 /* View */,
				849C13A827CF625C0082C478 /* ViewModel */,
				849C13A427CF4F370082C478 /* Controller */,
				849C13A327CF4F250082C478 /* Commen */,
				849C139527CF40640082C478 /* Assets.xcassets */,
				849C139727CF40640082C478 /* LaunchScreen.storyboard */,
				849C13A927CF705F0082C478 /* GoogleService-Info.plist */,
				849C139A27CF40640082C478 /* Info.plist */,
			);
			path = FirestoreDatabase;
			sourceTree = "<group>";
		};
		849C13A227CF4F140082C478 /* Model */ = {
			isa = PBXGroup;
			children = (
				849C13A027CF4B5F0082C478 /* File.swift */,
			);
			path = Model;
			sourceTree = "<group>";
		};
		849C13A327CF4F250082C478 /* Commen */ = {
			isa = PBXGroup;
			children = (
				849C138C27CF40620082C478 /* AppDelegate.swift */,
				849C138E27CF40620082C478 /* SceneDelegate.swift */,
			);
			path = Commen;
			sourceTree = "<group>";
		};
		849C13A427CF4F370082C478 /* Controller */ = {
			isa = PBXGroup;
			children = (
				849C139027CF40620082C478 /* ViewController.swift */,
				8485CEE327D0B6C7002964DC /* XibTableViewController.swift */,
				84814E7327D1F74C0009C4ED /* FirebaseStorageViewController.swift */,
				8422574827D5DF0300B8D5AA /* Cell */,
			);
			path = Controller;
			sourceTree = "<group>";
		};
		849C13A527CF4F5D0082C478 /* View */ = {
			isa = PBXGroup;
			children = (
				849C139227CF40620082C478 /* Main.storyboard */,
				8485CEE527D0C951002964DC /* DataCells */,
			);
			path = View;
			sourceTree = "<group>";
		};
		849C13A827CF625C0082C478 /* ViewModel */ = {
			isa = PBXGroup;
			children = (
				849C13A627CF62460082C478 /* UserViewModel.swift */,
			);
			path = ViewModel;
			sourceTree = "<group>";
		};
		D2EFA73B3F9765F984C81804 /* Frameworks */ = {
			isa = PBXGroup;
			children = (
				E7423A26276323C4B60DBB35 /* Pods_FirestoreDatabase.framework */,
			);
			name = Frameworks;
			sourceTree = "<group>";
		};
		E1B032A2FADFC9DF4DCC656B /* Pods */ = {
			isa = PBXGroup;
			children = (
				6B8B08510D86F34A3A702F8C /* Pods-FirestoreDatabase.debug.xcconfig */,
				35DE6A2318386D58E24E3E50 /* Pods-FirestoreDatabase.release.xcconfig */,
			);
			path = Pods;
			sourceTree = "<group>";
		};
/* End PBXGroup section */

/* Begin PBXNativeTarget section */
		849C138827CF40620082C478 /* FirestoreDatabase */ = {
			isa = PBXNativeTarget;
			buildConfigurationList = 849C139D27CF40640082C478 /* Build configuration list for PBXNativeTarget "FirestoreDatabase" */;
			buildPhases = (
				0646865CA661337F8A11EDDB /* [CP] Check Pods Manifest.lock */,
				849C138527CF40620082C478 /* Sources */,
				849C138627CF40620082C478 /* Frameworks */,
				849C138727CF40620082C478 /* Resources */,
				C36154E36510D97B3A52B1FC /* [CP] Embed Pods Frameworks */,
			);
			buildRules = (
			);
			dependencies = (
			);
			name = FirestoreDatabase;
			productName = FirestoreDatabase;
			productReference = 849C138927CF40620082C478 /* FirestoreDatabase.app */;
			productType = "com.apple.product-type.application";
		};
/* End PBXNativeTarget section */

/* Begin PBXProject section */
		849C138127CF40620082C478 /* Project object */ = {
			isa = PBXProject;
			attributes = {
				BuildIndependentTargetsInParallel = 1;
				LastSwiftUpdateCheck = 1320;
				LastUpgradeCheck = 1320;
				TargetAttributes = {
					849C138827CF40620082C478 = {
						CreatedOnToolsVersion = 13.2.1;
					};
				};
			};
			buildConfigurationList = 849C138427CF40620082C478 /* Build configuration list for PBXProject "FirestoreDatabase" */;
			compatibilityVersion = "Xcode 13.0";
			developmentRegion = en;
			hasScannedForEncodings = 0;
			knownRegions = (
				en,
				Base,
			);
			mainGroup = 849C138027CF40620082C478;
			productRefGroup = 849C138A27CF40620082C478 /* Products */;
			projectDirPath = "";
			projectRoot = "";
			targets = (
				849C138827CF40620082C478 /* FirestoreDatabase */,
			);
		};
/* End PBXProject section */

/* Begin PBXResourcesBuildPhase section */
		849C138727CF40620082C478 /* Resources */ = {
			isa = PBXResourcesBuildPhase;
			buildActionMask = 2147483647;
			files = (
				849C139927CF40640082C478 /* LaunchScreen.storyboard in Resources */,
				8422574C27D5E35600B8D5AA /* CollectionViewCell.xib in Resources */,
				8485CEE227D0B258002964DC /* DataPresentTableViewCell.xib in Resources */,
				849C13AA27CF705F0082C478 /* GoogleService-Info.plist in Resources */,
				849C139627CF40640082C478 /* Assets.xcassets in Resources */,
				849C139427CF40620082C478 /* Main.storyboard in Resources */,
				8485CEDE27D0B233002964DC /* ProfileTableViewCell.xib in Resources */,
			);
			runOnlyForDeploymentPostprocessing = 0;
		};
/* End PBXResourcesBuildPhase section */

/* Begin PBXShellScriptBuildPhase section */
		0646865CA661337F8A11EDDB /* [CP] Check Pods Manifest.lock */ = {
			isa = PBXShellScriptBuildPhase;
			buildActionMask = 2147483647;
			files = (
			);
			inputFileListPaths = (
			);
			inputPaths = (
				"${PODS_PODFILE_DIR_PATH}/Podfile.lock",
				"${PODS_ROOT}/Manifest.lock",
			);
			name = "[CP] Check Pods Manifest.lock";
			outputFileListPaths = (
			);
			outputPaths = (
				"$(DERIVED_FILE_DIR)/Pods-FirestoreDatabase-checkManifestLockResult.txt",
			);
			runOnlyForDeploymentPostprocessing = 0;
			shellPath = /bin/sh;
			shellScript = "diff \"${PODS_PODFILE_DIR_PATH}/Podfile.lock\" \"${PODS_ROOT}/Manifest.lock\" > /dev/null\nif [ $? != 0 ] ; then\n    # print error to STDERR\n    echo \"error: The sandbox is not in sync with the Podfile.lock. Run 'pod install' or update your CocoaPods installation.\" >&2\n    exit 1\nfi\n# This output is used by Xcode 'outputs' to avoid re-running this script phase.\necho \"SUCCESS\" > \"${SCRIPT_OUTPUT_FILE_0}\"\n";
			showEnvVarsInLog = 0;
		};
		C36154E36510D97B3A52B1FC /* [CP] Embed Pods Frameworks */ = {
			isa = PBXShellScriptBuildPhase;
			buildActionMask = 2147483647;
			files = (
			);
			inputFileListPaths = (
				"${PODS_ROOT}/Target Support Files/Pods-FirestoreDatabase/Pods-FirestoreDatabase-frameworks-${CONFIGURATION}-input-files.xcfilelist",
			);
			name = "[CP] Embed Pods Frameworks";
			outputFileListPaths = (
				"${PODS_ROOT}/Target Support Files/Pods-FirestoreDatabase/Pods-FirestoreDatabase-frameworks-${CONFIGURATION}-output-files.xcfilelist",
			);
			runOnlyForDeploymentPostprocessing = 0;
			shellPath = /bin/sh;
			shellScript = "\"${PODS_ROOT}/Target Support Files/Pods-FirestoreDatabase/Pods-FirestoreDatabase-frameworks.sh\"\n";
			showEnvVarsInLog = 0;
		};
/* End PBXShellScriptBuildPhase section */

/* Begin PBXSourcesBuildPhase section */
		849C138527CF40620082C478 /* Sources */ = {
			isa = PBXSourcesBuildPhase;
			buildActionMask = 2147483647;
			files = (
				8422574727D5DED300B8D5AA /* DisplayTableViewCell.swift in Sources */,
				849C13A727CF62460082C478 /* UserViewModel.swift in Sources */,
				8422574B27D5E35600B8D5AA /* CollectionViewCell.swift in Sources */,
				849C139127CF40620082C478 /* ViewController.swift in Sources */,
				8485CEE427D0B6C7002964DC /* XibTableViewController.swift in Sources */,
				8422574627D5DED300B8D5AA /* DataPresentTableViewCell.swift in Sources */,
				8422574527D5DED300B8D5AA /* ProfileTableViewCell.swift in Sources */,
				8422574127D5DE0D00B8D5AA /* FirebaseStorageViewController.swift in Sources */,
				849C13A127CF4B5F0082C478 /* File.swift in Sources */,
				849C138D27CF40620082C478 /* AppDelegate.swift in Sources */,
				84814E7627D21DBC0009C4ED /* StorageCollectionViewCell.swift in Sources */,
				849C138F27CF40620082C478 /* SceneDelegate.swift in Sources */,
			);
			runOnlyForDeploymentPostprocessing = 0;
		};
/* End PBXSourcesBuildPhase section */

/* Begin PBXVariantGroup section */
		849C139227CF40620082C478 /* Main.storyboard */ = {
			isa = PBXVariantGroup;
			children = (
				849C139327CF40620082C478 /* Base */,
			);
			name = Main.storyboard;
			sourceTree = "<group>";
		};
		849C139727CF40640082C478 /* LaunchScreen.storyboard */ = {
			isa = PBXVariantGroup;
			children = (
				849C139827CF40640082C478 /* Base */,
			);
			name = LaunchScreen.storyboard;
			sourceTree = "<group>";
		};
/* End PBXVariantGroup section */

/* Begin XCBuildConfiguration section */
		849C139B27CF40640082C478 /* Debug */ = {
			isa = XCBuildConfiguration;
			buildSettings = {
				ALWAYS_SEARCH_USER_PATHS = NO;
				CLANG_ANALYZER_NONNULL = YES;
				CLANG_ANALYZER_NUMBER_OBJECT_CONVERSION = YES_AGGRESSIVE;
				CLANG_CXX_LANGUAGE_STANDARD = "gnu++17";
				CLANG_CXX_LIBRARY = "libc++";
				CLANG_ENABLE_MODULES = YES;
				CLANG_ENABLE_OBJC_ARC = YES;
				CLANG_ENABLE_OBJC_WEAK = YES;
				CLANG_WARN_BLOCK_CAPTURE_AUTORELEASING = YES;
				CLANG_WARN_BOOL_CONVERSION = YES;
				CLANG_WARN_COMMA = YES;
				CLANG_WARN_CONSTANT_CONVERSION = YES;
				CLANG_WARN_DEPRECATED_OBJC_IMPLEMENTATIONS = YES;
				CLANG_WARN_DIRECT_OBJC_ISA_USAGE = YES_ERROR;
				CLANG_WARN_DOCUMENTATION_COMMENTS = YES;
				CLANG_WARN_EMPTY_BODY = YES;
				CLANG_WARN_ENUM_CONVERSION = YES;
				CLANG_WARN_INFINITE_RECURSION = YES;
				CLANG_WARN_INT_CONVERSION = YES;
				CLANG_WARN_NON_LITERAL_NULL_CONVERSION = YES;
				CLANG_WARN_OBJC_IMPLICIT_RETAIN_SELF = YES;
				CLANG_WARN_OBJC_LITERAL_CONVERSION = YES;
				CLANG_WARN_OBJC_ROOT_CLASS = YES_ERROR;
				CLANG_WARN_QUOTED_INCLUDE_IN_FRAMEWORK_HEADER = YES;
				CLANG_WARN_RANGE_LOOP_ANALYSIS = YES;
				CLANG_WARN_STRICT_PROTOTYPES = YES;
				CLANG_WARN_SUSPICIOUS_MOVE = YES;
				CLANG_WARN_UNGUARDED_AVAILABILITY = YES_AGGRESSIVE;
				CLANG_WARN_UNREACHABLE_CODE = YES;
				CLANG_WARN__DUPLICATE_METHOD_MATCH = YES;
				COPY_PHASE_STRIP = NO;
				DEBUG_INFORMATION_FORMAT = dwarf;
				ENABLE_STRICT_OBJC_MSGSEND = YES;
				ENABLE_TESTABILITY = YES;
				GCC_C_LANGUAGE_STANDARD = gnu11;
				GCC_DYNAMIC_NO_PIC = NO;
				GCC_NO_COMMON_BLOCKS = YES;
				GCC_OPTIMIZATION_LEVEL = 0;
				GCC_PREPROCESSOR_DEFINITIONS = (
					"DEBUG=1",
					"$(inherited)",
				);
				GCC_WARN_64_TO_32_BIT_CONVERSION = YES;
				GCC_WARN_ABOUT_RETURN_TYPE = YES_ERROR;
				GCC_WARN_UNDECLARED_SELECTOR = YES;
				GCC_WARN_UNINITIALIZED_AUTOS = YES_AGGRESSIVE;
				GCC_WARN_UNUSED_FUNCTION = YES;
				GCC_WARN_UNUSED_VARIABLE = YES;
				IPHONEOS_DEPLOYMENT_TARGET = 15.2;
				MTL_ENABLE_DEBUG_INFO = INCLUDE_SOURCE;
				MTL_FAST_MATH = YES;
				ONLY_ACTIVE_ARCH = YES;
				SDKROOT = iphoneos;
				SWIFT_ACTIVE_COMPILATION_CONDITIONS = DEBUG;
				SWIFT_OPTIMIZATION_LEVEL = "-Onone";
			};
			name = Debug;
		};
		849C139C27CF40640082C478 /* Release */ = {
			isa = XCBuildConfiguration;
			buildSettings = {
				ALWAYS_SEARCH_USER_PATHS = NO;
				CLANG_ANALYZER_NONNULL = YES;
				CLANG_ANALYZER_NUMBER_OBJECT_CONVERSION = YES_AGGRESSIVE;
				CLANG_CXX_LANGUAGE_STANDARD = "gnu++17";
				CLANG_CXX_LIBRARY = "libc++";
				CLANG_ENABLE_MODULES = YES;
				CLANG_ENABLE_OBJC_ARC = YES;
				CLANG_ENABLE_OBJC_WEAK = YES;
				CLANG_WARN_BLOCK_CAPTURE_AUTORELEASING = YES;
				CLANG_WARN_BOOL_CONVERSION = YES;
				CLANG_WARN_COMMA = YES;
				CLANG_WARN_CONSTANT_CONVERSION = YES;
				CLANG_WARN_DEPRECATED_OBJC_IMPLEMENTATIONS = YES;
				CLANG_WARN_DIRECT_OBJC_ISA_USAGE = YES_ERROR;
				CLANG_WARN_DOCUMENTATION_COMMENTS = YES;
				CLANG_WARN_EMPTY_BODY = YES;
				CLANG_WARN_ENUM_CONVERSION = YES;
				CLANG_WARN_INFINITE_RECURSION = YES;
				CLANG_WARN_INT_CONVERSION = YES;
				CLANG_WARN_NON_LITERAL_NULL_CONVERSION = YES;
				CLANG_WARN_OBJC_IMPLICIT_RETAIN_SELF = YES;
				CLANG_WARN_OBJC_LITERAL_CONVERSION = YES;
				CLANG_WARN_OBJC_ROOT_CLASS = YES_ERROR;
				CLANG_WARN_QUOTED_INCLUDE_IN_FRAMEWORK_HEADER = YES;
				CLANG_WARN_RANGE_LOOP_ANALYSIS = YES;
				CLANG_WARN_STRICT_PROTOTYPES = YES;
				CLANG_WARN_SUSPICIOUS_MOVE = YES;
				CLANG_WARN_UNGUARDED_AVAILABILITY = YES_AGGRESSIVE;
				CLANG_WARN_UNREACHABLE_CODE = YES;
				CLANG_WARN__DUPLICATE_METHOD_MATCH = YES;
				COPY_PHASE_STRIP = NO;
				DEBUG_INFORMATION_FORMAT = "dwarf-with-dsym";
				ENABLE_NS_ASSERTIONS = NO;
				ENABLE_STRICT_OBJC_MSGSEND = YES;
				GCC_C_LANGUAGE_STANDARD = gnu11;
				GCC_NO_COMMON_BLOCKS = YES;
				GCC_WARN_64_TO_32_BIT_CONVERSION = YES;
				GCC_WARN_ABOUT_RETURN_TYPE = YES_ERROR;
				GCC_WARN_UNDECLARED_SELECTOR = YES;
				GCC_WARN_UNINITIALIZED_AUTOS = YES_AGGRESSIVE;
				GCC_WARN_UNUSED_FUNCTION = YES;
				GCC_WARN_UNUSED_VARIABLE = YES;
				IPHONEOS_DEPLOYMENT_TARGET = 15.2;
				MTL_ENABLE_DEBUG_INFO = NO;
				MTL_FAST_MATH = YES;
				SDKROOT = iphoneos;
				SWIFT_COMPILATION_MODE = wholemodule;
				SWIFT_OPTIMIZATION_LEVEL = "-O";
				VALIDATE_PRODUCT = YES;
			};
			name = Release;
		};
		849C139E27CF40640082C478 /* Debug */ = {
			isa = XCBuildConfiguration;
			baseConfigurationReference = 6B8B08510D86F34A3A702F8C /* Pods-FirestoreDatabase.debug.xcconfig */;
			buildSettings = {
				ASSETCATALOG_COMPILER_APPICON_NAME = AppIcon;
				ASSETCATALOG_COMPILER_GLOBAL_ACCENT_COLOR_NAME = AccentColor;
				CODE_SIGN_ENTITLEMENTS = FirestoreDatabase/FirestoreDatabase.entitlements;
				CODE_SIGN_STYLE = Automatic;
				CURRENT_PROJECT_VERSION = 1;
				DEVELOPMENT_TEAM = 9DYFDAZPPC;
				GENERATE_INFOPLIST_FILE = YES;
				INFOPLIST_FILE = FirestoreDatabase/Info.plist;
				INFOPLIST_KEY_NSPhotoLibraryUsageDescription = "Permission to access Photo Gallery";
				INFOPLIST_KEY_UIApplicationSupportsIndirectInputEvents = YES;
				INFOPLIST_KEY_UILaunchStoryboardName = LaunchScreen;
				INFOPLIST_KEY_UIMainStoryboardFile = Main;
				INFOPLIST_KEY_UISupportedInterfaceOrientations_iPad = "UIInterfaceOrientationPortrait UIInterfaceOrientationPortraitUpsideDown UIInterfaceOrientationLandscapeLeft UIInterfaceOrientationLandscapeRight";
				INFOPLIST_KEY_UISupportedInterfaceOrientations_iPhone = "UIInterfaceOrientationPortrait UIInterfaceOrientationLandscapeLeft UIInterfaceOrientationLandscapeRight";
				LD_RUNPATH_SEARCH_PATHS = (
					"$(inherited)",
					"@executable_path/Frameworks",
				);
				MARKETING_VERSION = 1.0;
				PRODUCT_BUNDLE_IDENTIFIER = com.bipp.inc.FirestoreDatabase;
				PRODUCT_NAME = "$(TARGET_NAME)";
				SWIFT_EMIT_LOC_STRINGS = YES;
				SWIFT_VERSION = 5.0;
				TARGETED_DEVICE_FAMILY = "1,2";
			};
			name = Debug;
		};
		849C139F27CF40640082C478 /* Release */ = {
			isa = XCBuildConfiguration;
			baseConfigurationReference = 35DE6A2318386D58E24E3E50 /* Pods-FirestoreDatabase.release.xcconfig */;
			buildSettings = {
				ASSETCATALOG_COMPILER_APPICON_NAME = AppIcon;
				ASSETCATALOG_COMPILER_GLOBAL_ACCENT_COLOR_NAME = AccentColor;
				CODE_SIGN_ENTITLEMENTS = FirestoreDatabase/FirestoreDatabase.entitlements;
				CODE_SIGN_STYLE = Automatic;
				CURRENT_PROJECT_VERSION = 1;
				GENERATE_INFOPLIST_FILE = YES;
				INFOPLIST_FILE = FirestoreDatabase/Info.plist;
				INFOPLIST_KEY_NSPhotoLibraryUsageDescription = "Permission to access Photo Gallery";
				INFOPLIST_KEY_UIApplicationSupportsIndirectInputEvents = YES;
				INFOPLIST_KEY_UILaunchStoryboardName = LaunchScreen;
				INFOPLIST_KEY_UIMainStoryboardFile = Main;
				INFOPLIST_KEY_UISupportedInterfaceOrientations_iPad = "UIInterfaceOrientationPortrait UIInterfaceOrientationPortraitUpsideDown UIInterfaceOrientationLandscapeLeft UIInterfaceOrientationLandscapeRight";
				INFOPLIST_KEY_UISupportedInterfaceOrientations_iPhone = "UIInterfaceOrientationPortrait UIInterfaceOrientationLandscapeLeft UIInterfaceOrientationLandscapeRight";
				LD_RUNPATH_SEARCH_PATHS = (
					"$(inherited)",
					"@executable_path/Frameworks",
				);
				MARKETING_VERSION = 1.0;
				PRODUCT_BUNDLE_IDENTIFIER = com.bipp.inc.FirestoreDatabase;
				PRODUCT_NAME = "$(TARGET_NAME)";
				SWIFT_EMIT_LOC_STRINGS = YES;
				SWIFT_VERSION = 5.0;
				TARGETED_DEVICE_FAMILY = "1,2";
			};
			name = Release;
		};
/* End XCBuildConfiguration section */

/* Begin XCConfigurationList section */
		849C138427CF40620082C478 /* Build configuration list for PBXProject "FirestoreDatabase" */ = {
			isa = XCConfigurationList;
			buildConfigurations = (
				849C139B27CF40640082C478 /* Debug */,
				849C139C27CF40640082C478 /* Release */,
			);
			defaultConfigurationIsVisible = 0;
			defaultConfigurationName = Release;
		};
		849C139D27CF40640082C478 /* Build configuration list for PBXNativeTarget "FirestoreDatabase" */ = {
			isa = XCConfigurationList;
			buildConfigurations = (
				849C139E27CF40640082C478 /* Debug */,
				849C139F27CF40640082C478 /* Release */,
			);
			defaultConfigurationIsVisible = 0;
			defaultConfigurationName = Release;
		};
/* End XCConfigurationList section */
	};
	rootObject = 849C138127CF40620082C478 /* Project object */;
}
